// !$*UTF8*$!
{
	archiveVersion = 1;
	classes = {
	};
	objectVersion = 60;
	objects = {

/* Begin PBXBuildFile section */
		058557BB273AAA24004C7B11 /* Assets.xcassets in Resources */ = {isa = PBXBuildFile; fileRef = 058557BA273AAA24004C7B11 /* Assets.xcassets */; };
		058557D9273AAEEB004C7B11 /* Preview Assets.xcassets in Resources */ = {isa = PBXBuildFile; fileRef = 058557D8273AAEEB004C7B11 /* Preview Assets.xcassets */; };
		11057D522CF5C438004A383B /* ProfileView.swift in Sources */ = {isa = PBXBuildFile; fileRef = 11057D512CF5C436004A383B /* ProfileView.swift */; };
		11057D542CF5C43F004A383B /* ProfileViewModel.swift in Sources */ = {isa = PBXBuildFile; fileRef = 11057D532CF5C43D004A383B /* ProfileViewModel.swift */; };
		1113BA3B2AE6956A00ABDE61 /* PlatformBindingsImpl.swift in Sources */ = {isa = PBXBuildFile; fileRef = 1113BA3A2AE6956A00ABDE61 /* PlatformBindingsImpl.swift */; };
		1113BA3E2AE696A600ABDE61 /* AppDelegate.swift in Sources */ = {isa = PBXBuildFile; fileRef = 1113BA3D2AE696A600ABDE61 /* AppDelegate.swift */; };
		1113BA402AE6993800ABDE61 /* KmpTemplateApp.swift in Sources */ = {isa = PBXBuildFile; fileRef = 1113BA3F2AE6993800ABDE61 /* KmpTemplateApp.swift */; };
		111C3A7E2AEBE59900873511 /* View+EventsEffect.swift in Sources */ = {isa = PBXBuildFile; fileRef = 111C3A7D2AEBE59900873511 /* View+EventsEffect.swift */; };
		112B170E2C35459100ADCCBF /* KotlinOptionalStateFlow.swift in Sources */ = {isa = PBXBuildFile; fileRef = 112B170D2C35459100ADCCBF /* KotlinOptionalStateFlow.swift */; };
		114970172C399DC9005C6924 /* TabContentView.swift in Sources */ = {isa = PBXBuildFile; fileRef = 114970162C399DC9005C6924 /* TabContentView.swift */; };
		1193BEE62AEA8A4A00C6203F /* ComponentHolder.swift in Sources */ = {isa = PBXBuildFile; fileRef = 1193BEE52AEA8A4A00C6203F /* ComponentHolder.swift */; };
		1193BEEA2AEA8B3E00C6203F /* DecomposeNavigationStack.swift in Sources */ = {isa = PBXBuildFile; fileRef = 1193BEE92AEA8B3E00C6203F /* DecomposeNavigationStack.swift */; };
		1193BEEC2AEA97C900C6203F /* RootView.swift in Sources */ = {isa = PBXBuildFile; fileRef = 1193BEEB2AEA97C900C6203F /* RootView.swift */; };
		1193BEF22AEA987D00C6203F /* RootNavigationView.swift in Sources */ = {isa = PBXBuildFile; fileRef = 1193BEF12AEA987D00C6203F /* RootNavigationView.swift */; };
		1193BEF62AEA989600C6203F /* FirstView.swift in Sources */ = {isa = PBXBuildFile; fileRef = 1193BEF52AEA989600C6203F /* FirstView.swift */; };
		1193BEF82AEA989F00C6203F /* SecondView.swift in Sources */ = {isa = PBXBuildFile; fileRef = 1193BEF72AEA989F00C6203F /* SecondView.swift */; };
		1193BEFA2AEA98A800C6203F /* ThirdView.swift in Sources */ = {isa = PBXBuildFile; fileRef = 1193BEF92AEA98A800C6203F /* ThirdView.swift */; };
		1193BEFC2AEA9FA000C6203F /* LoginView.swift in Sources */ = {isa = PBXBuildFile; fileRef = 1193BEFB2AEA9FA000C6203F /* LoginView.swift */; };
		119A92E82B0F37A300D93E98 /* MR+Extensions.swift in Sources */ = {isa = PBXBuildFile; fileRef = 119A92E72B0F37A300D93E98 /* MR+Extensions.swift */; };
		119C5F4D2AEBDFCB00CB58E3 /* KotlinStateFlow.swift in Sources */ = {isa = PBXBuildFile; fileRef = 119C5F4C2AEBDFCB00CB58E3 /* KotlinStateFlow.swift */; };
		11B16AC12C32B34F00ECA63A /* SignedInNavigationView.swift in Sources */ = {isa = PBXBuildFile; fileRef = 11B16AC02C32B34F00ECA63A /* SignedInNavigationView.swift */; };
		11B16AC32C32B81200ECA63A /* ProfileTabNavigationView.swift in Sources */ = {isa = PBXBuildFile; fileRef = 11B16AC22C32B81200ECA63A /* ProfileTabNavigationView.swift */; };
		11B16AC52C32B84D00ECA63A /* HomeTabNavigationView.swift in Sources */ = {isa = PBXBuildFile; fileRef = 11B16AC42C32B84D00ECA63A /* HomeTabNavigationView.swift */; };
		11B83C232D79C075007D03F7 /* KMP in Frameworks */ = {isa = PBXBuildFile; productRef = 11B83C222D79C075007D03F7 /* KMP */; };
		11C4D2F32AF920DC00E272CF /* PlatformFirebaseCrashlyticsImpl.swift in Sources */ = {isa = PBXBuildFile; fileRef = 11C4D2F22AF920DC00E272CF /* PlatformFirebaseCrashlyticsImpl.swift */; };
		11D407542C17232F0055C0F2 /* PlatformImpl.swift in Sources */ = {isa = PBXBuildFile; fileRef = 11D407532C17232F0055C0F2 /* PlatformImpl.swift */; };
		11D73F1E2CF4CF9E0088E48F /* PickerView.swift in Sources */ = {isa = PBXBuildFile; fileRef = 11D73F1D2CF4CF9A0088E48F /* PickerView.swift */; };
		11D73F202CF4CFA40088E48F /* PickerViewModel.swift in Sources */ = {isa = PBXBuildFile; fileRef = 11D73F1F2CF4CFA10088E48F /* PickerViewModel.swift */; };
		49877BFD2DCA33C000671AC6 /* FirstMultiplatformView.swift in Sources */ = {isa = PBXBuildFile; fileRef = 49877BFC2DCA33B200671AC6 /* FirstMultiplatformView.swift */; };
		5B21BD392C11C55F005B6191 /* FirstViewModel.swift in Sources */ = {isa = PBXBuildFile; fileRef = 5B21BD382C11C55F005B6191 /* FirstViewModel.swift */; };
		5B21BD3B2C11CD0B005B6191 /* SecondViewModel.swift in Sources */ = {isa = PBXBuildFile; fileRef = 5B21BD3A2C11CD0B005B6191 /* SecondViewModel.swift */; };
		5B21BD3D2C11CEE8005B6191 /* ThirdViewModel.swift in Sources */ = {isa = PBXBuildFile; fileRef = 5B21BD3C2C11CEE8005B6191 /* ThirdViewModel.swift */; };
		5B21BD3F2C11CF5C005B6191 /* LoginViewModel.swift in Sources */ = {isa = PBXBuildFile; fileRef = 5B21BD3E2C11CF5C005B6191 /* LoginViewModel.swift */; };
		F4820AB72B0B51A100B13080 /* XCTest.framework in Frameworks */ = {isa = PBXBuildFile; fileRef = F4820AB62B0B51A100B13080 /* XCTest.framework */; };
		F4820AB82B0B523E00B13080 /* iosAppTests.swift in Sources */ = {isa = PBXBuildFile; fileRef = F4820AA02B0B4D3E00B13080 /* iosAppTests.swift */; };
		F4820AC22B0B528100B13080 /* iosAppUITestsLaunchTests.swift in Sources */ = {isa = PBXBuildFile; fileRef = F4820AC12B0B528100B13080 /* iosAppUITestsLaunchTests.swift */; };
/* End PBXBuildFile section */

/* Begin PBXContainerItemProxy section */
		F4820AB02B0B4D6E00B13080 /* PBXContainerItemProxy */ = {
			isa = PBXContainerItemProxy;
			containerPortal = 7555FF73242A565900829871 /* Project object */;
			proxyType = 1;
			remoteGlobalIDString = 7555FF7A242A565900829871;
			remoteInfo = iosApp;
		};
		F4820AC32B0B528100B13080 /* PBXContainerItemProxy */ = {
			isa = PBXContainerItemProxy;
			containerPortal = 7555FF73242A565900829871 /* Project object */;
			proxyType = 1;
			remoteGlobalIDString = 7555FF7A242A565900829871;
			remoteInfo = iosApp;
		};
/* End PBXContainerItemProxy section */

/* Begin PBXCopyFilesBuildPhase section */
		7555FFB4242A642300829871 /* Embed Frameworks */ = {
			isa = PBXCopyFilesBuildPhase;
			buildActionMask = 2147483647;
			dstPath = "";
			dstSubfolderSpec = 10;
			files = (
			);
			name = "Embed Frameworks";
			runOnlyForDeploymentPostprocessing = 0;
		};
/* End PBXCopyFilesBuildPhase section */

/* Begin PBXFileReference section */
		058557BA273AAA24004C7B11 /* Assets.xcassets */ = {isa = PBXFileReference; lastKnownFileType = folder.assetcatalog; path = Assets.xcassets; sourceTree = "<group>"; };
		058557D8273AAEEB004C7B11 /* Preview Assets.xcassets */ = {isa = PBXFileReference; lastKnownFileType = folder.assetcatalog; path = "Preview Assets.xcassets"; sourceTree = "<group>"; };
		11057D512CF5C436004A383B /* ProfileView.swift */ = {isa = PBXFileReference; lastKnownFileType = sourcecode.swift; path = ProfileView.swift; sourceTree = "<group>"; };
		11057D532CF5C43D004A383B /* ProfileViewModel.swift */ = {isa = PBXFileReference; lastKnownFileType = sourcecode.swift; path = ProfileViewModel.swift; sourceTree = "<group>"; };
		1113BA3A2AE6956A00ABDE61 /* PlatformBindingsImpl.swift */ = {isa = PBXFileReference; lastKnownFileType = sourcecode.swift; path = PlatformBindingsImpl.swift; sourceTree = "<group>"; };
		1113BA3D2AE696A600ABDE61 /* AppDelegate.swift */ = {isa = PBXFileReference; lastKnownFileType = sourcecode.swift; path = AppDelegate.swift; sourceTree = "<group>"; };
		1113BA3F2AE6993800ABDE61 /* KmpTemplateApp.swift */ = {isa = PBXFileReference; lastKnownFileType = sourcecode.swift; path = KmpTemplateApp.swift; sourceTree = "<group>"; };
		111C3A7D2AEBE59900873511 /* View+EventsEffect.swift */ = {isa = PBXFileReference; lastKnownFileType = sourcecode.swift; path = "View+EventsEffect.swift"; sourceTree = "<group>"; };
		112B170D2C35459100ADCCBF /* KotlinOptionalStateFlow.swift */ = {isa = PBXFileReference; lastKnownFileType = sourcecode.swift; path = KotlinOptionalStateFlow.swift; sourceTree = "<group>"; };
		114970162C399DC9005C6924 /* TabContentView.swift */ = {isa = PBXFileReference; lastKnownFileType = sourcecode.swift; path = TabContentView.swift; sourceTree = "<group>"; };
		1193BEE52AEA8A4A00C6203F /* ComponentHolder.swift */ = {isa = PBXFileReference; lastKnownFileType = sourcecode.swift; path = ComponentHolder.swift; sourceTree = "<group>"; };
		1193BEE92AEA8B3E00C6203F /* DecomposeNavigationStack.swift */ = {isa = PBXFileReference; lastKnownFileType = sourcecode.swift; path = DecomposeNavigationStack.swift; sourceTree = "<group>"; };
		1193BEEB2AEA97C900C6203F /* RootView.swift */ = {isa = PBXFileReference; lastKnownFileType = sourcecode.swift; path = RootView.swift; sourceTree = "<group>"; };
		1193BEF12AEA987D00C6203F /* RootNavigationView.swift */ = {isa = PBXFileReference; lastKnownFileType = sourcecode.swift; path = RootNavigationView.swift; sourceTree = "<group>"; };
		1193BEF52AEA989600C6203F /* FirstView.swift */ = {isa = PBXFileReference; lastKnownFileType = sourcecode.swift; path = FirstView.swift; sourceTree = "<group>"; };
		1193BEF72AEA989F00C6203F /* SecondView.swift */ = {isa = PBXFileReference; lastKnownFileType = sourcecode.swift; path = SecondView.swift; sourceTree = "<group>"; };
		1193BEF92AEA98A800C6203F /* ThirdView.swift */ = {isa = PBXFileReference; lastKnownFileType = sourcecode.swift; path = ThirdView.swift; sourceTree = "<group>"; };
		1193BEFB2AEA9FA000C6203F /* LoginView.swift */ = {isa = PBXFileReference; lastKnownFileType = sourcecode.swift; path = LoginView.swift; sourceTree = "<group>"; };
		119A92E72B0F37A300D93E98 /* MR+Extensions.swift */ = {isa = PBXFileReference; lastKnownFileType = sourcecode.swift; path = "MR+Extensions.swift"; sourceTree = "<group>"; };
		119C5F4A2AEBC40200CB58E3 /* Debug.xcconfig */ = {isa = PBXFileReference; lastKnownFileType = text.xcconfig; path = Debug.xcconfig; sourceTree = "<group>"; };
		119C5F4B2AEBC42400CB58E3 /* Release.xcconfig */ = {isa = PBXFileReference; lastKnownFileType = text.xcconfig; path = Release.xcconfig; sourceTree = "<group>"; };
		119C5F4C2AEBDFCB00CB58E3 /* KotlinStateFlow.swift */ = {isa = PBXFileReference; lastKnownFileType = sourcecode.swift; path = KotlinStateFlow.swift; sourceTree = "<group>"; };
		11B16AC02C32B34F00ECA63A /* SignedInNavigationView.swift */ = {isa = PBXFileReference; lastKnownFileType = sourcecode.swift; path = SignedInNavigationView.swift; sourceTree = "<group>"; };
		11B16AC22C32B81200ECA63A /* ProfileTabNavigationView.swift */ = {isa = PBXFileReference; lastKnownFileType = sourcecode.swift; path = ProfileTabNavigationView.swift; sourceTree = "<group>"; };
		11B16AC42C32B84D00ECA63A /* HomeTabNavigationView.swift */ = {isa = PBXFileReference; lastKnownFileType = sourcecode.swift; path = HomeTabNavigationView.swift; sourceTree = "<group>"; };
		11C4D2F22AF920DC00E272CF /* PlatformFirebaseCrashlyticsImpl.swift */ = {isa = PBXFileReference; lastKnownFileType = sourcecode.swift; path = PlatformFirebaseCrashlyticsImpl.swift; sourceTree = "<group>"; };
		11D407532C17232F0055C0F2 /* PlatformImpl.swift */ = {isa = PBXFileReference; lastKnownFileType = sourcecode.swift; path = PlatformImpl.swift; sourceTree = "<group>"; };
		11D73F1D2CF4CF9A0088E48F /* PickerView.swift */ = {isa = PBXFileReference; lastKnownFileType = sourcecode.swift; path = PickerView.swift; sourceTree = "<group>"; };
		11D73F1F2CF4CFA10088E48F /* PickerViewModel.swift */ = {isa = PBXFileReference; lastKnownFileType = sourcecode.swift; path = PickerViewModel.swift; sourceTree = "<group>"; };
		49877BFC2DCA33B200671AC6 /* FirstMultiplatformView.swift */ = {isa = PBXFileReference; lastKnownFileType = sourcecode.swift; path = FirstMultiplatformView.swift; sourceTree = "<group>"; };
		5B21BD382C11C55F005B6191 /* FirstViewModel.swift */ = {isa = PBXFileReference; lastKnownFileType = sourcecode.swift; path = FirstViewModel.swift; sourceTree = "<group>"; };
		5B21BD3A2C11CD0B005B6191 /* SecondViewModel.swift */ = {isa = PBXFileReference; lastKnownFileType = sourcecode.swift; path = SecondViewModel.swift; sourceTree = "<group>"; };
		5B21BD3C2C11CEE8005B6191 /* ThirdViewModel.swift */ = {isa = PBXFileReference; lastKnownFileType = sourcecode.swift; path = ThirdViewModel.swift; sourceTree = "<group>"; };
		5B21BD3E2C11CF5C005B6191 /* LoginViewModel.swift */ = {isa = PBXFileReference; lastKnownFileType = sourcecode.swift; path = LoginViewModel.swift; sourceTree = "<group>"; };
		7555FF7B242A565900829871 /* iosApp.app */ = {isa = PBXFileReference; explicitFileType = wrapper.application; includeInIndex = 0; path = iosApp.app; sourceTree = BUILT_PRODUCTS_DIR; };
		DC7FFCC52B691F0400A70102 /* Beta.xcconfig */ = {isa = PBXFileReference; lastKnownFileType = text.xcconfig; path = Beta.xcconfig; sourceTree = "<group>"; };
		DC7FFCC72B69297800A70102 /* Info.plist */ = {isa = PBXFileReference; lastKnownFileType = text.plist; path = Info.plist; sourceTree = "<group>"; };
		F4820AA02B0B4D3E00B13080 /* iosAppTests.swift */ = {isa = PBXFileReference; lastKnownFileType = sourcecode.swift; path = iosAppTests.swift; sourceTree = "<group>"; };
		F4820AAC2B0B4D6E00B13080 /* iosAppTests.xctest */ = {isa = PBXFileReference; explicitFileType = wrapper.cfbundle; includeInIndex = 0; path = iosAppTests.xctest; sourceTree = BUILT_PRODUCTS_DIR; };
		F4820AB62B0B51A100B13080 /* XCTest.framework */ = {isa = PBXFileReference; lastKnownFileType = wrapper.framework; name = XCTest.framework; path = Platforms/iPhoneOS.platform/Developer/Library/Frameworks/XCTest.framework; sourceTree = DEVELOPER_DIR; };
		F4820ABD2B0B528100B13080 /* iosAppUITests.xctest */ = {isa = PBXFileReference; explicitFileType = wrapper.cfbundle; includeInIndex = 0; path = iosAppUITests.xctest; sourceTree = BUILT_PRODUCTS_DIR; };
		F4820AC12B0B528100B13080 /* iosAppUITestsLaunchTests.swift */ = {isa = PBXFileReference; lastKnownFileType = sourcecode.swift; path = iosAppUITestsLaunchTests.swift; sourceTree = "<group>"; };
/* End PBXFileReference section */

/* Begin PBXFrameworksBuildPhase section */
		7555FF78242A565900829871 /* Frameworks */ = {
			isa = PBXFrameworksBuildPhase;
			buildActionMask = 2147483647;
			files = (
				11B83C232D79C075007D03F7 /* KMP in Frameworks */,
			);
			runOnlyForDeploymentPostprocessing = 0;
		};
		F4820AA92B0B4D6E00B13080 /* Frameworks */ = {
			isa = PBXFrameworksBuildPhase;
			buildActionMask = 2147483647;
			files = (
				F4820AB72B0B51A100B13080 /* XCTest.framework in Frameworks */,
			);
			runOnlyForDeploymentPostprocessing = 0;
		};
		F4820ABA2B0B528100B13080 /* Frameworks */ = {
			isa = PBXFrameworksBuildPhase;
			buildActionMask = 2147483647;
			files = (
			);
			runOnlyForDeploymentPostprocessing = 0;
		};
/* End PBXFrameworksBuildPhase section */

/* Begin PBXGroup section */
		058557D7273AAEEB004C7B11 /* Preview Content */ = {
			isa = PBXGroup;
			children = (
				058557D8273AAEEB004C7B11 /* Preview Assets.xcassets */,
			);
			path = "Preview Content";
			sourceTree = "<group>";
		};
		11057D502CF5C429004A383B /* Profile */ = {
			isa = PBXGroup;
			children = (
				11057D532CF5C43D004A383B /* ProfileViewModel.swift */,
				11057D512CF5C436004A383B /* ProfileView.swift */,
			);
			path = Profile;
			sourceTree = "<group>";
		};
		1113BA392AE6955200ABDE61 /* Platform */ = {
			isa = PBXGroup;
			children = (
				1113BA3A2AE6956A00ABDE61 /* PlatformBindingsImpl.swift */,
				11C4D2F22AF920DC00E272CF /* PlatformFirebaseCrashlyticsImpl.swift */,
				11D407532C17232F0055C0F2 /* PlatformImpl.swift */,
			);
			path = Platform;
			sourceTree = "<group>";
		};
		1113BA3C2AE6969700ABDE61 /* App */ = {
			isa = PBXGroup;
			children = (
				1113BA3D2AE696A600ABDE61 /* AppDelegate.swift */,
				1113BA3F2AE6993800ABDE61 /* KmpTemplateApp.swift */,
				1193BEEB2AEA97C900C6203F /* RootView.swift */,
			);
			path = App;
			sourceTree = "<group>";
		};
		1193BEE22AEA89D800C6203F /* Architecture */ = {
			isa = PBXGroup;
			children = (
				1193BEE52AEA8A4A00C6203F /* ComponentHolder.swift */,
				119C5F4C2AEBDFCB00CB58E3 /* KotlinStateFlow.swift */,
				112B170D2C35459100ADCCBF /* KotlinOptionalStateFlow.swift */,
				111C3A7D2AEBE59900873511 /* View+EventsEffect.swift */,
			);
			path = Architecture;
			sourceTree = "<group>";
		};
		1193BEED2AEA985200C6203F /* Views */ = {
			isa = PBXGroup;
			children = (
				1193BEEF2AEA986000C6203F /* Screen */,
				1193BEEE2AEA985B00C6203F /* Navigation */,
			);
			path = Views;
			sourceTree = "<group>";
		};
		1193BEEE2AEA985B00C6203F /* Navigation */ = {
			isa = PBXGroup;
			children = (
				1193BEF02AEA986900C6203F /* Interop */,
				1193BEF12AEA987D00C6203F /* RootNavigationView.swift */,
				11B16AC02C32B34F00ECA63A /* SignedInNavigationView.swift */,
				11B16AC22C32B81200ECA63A /* ProfileTabNavigationView.swift */,
				11B16AC42C32B84D00ECA63A /* HomeTabNavigationView.swift */,
			);
			path = Navigation;
			sourceTree = "<group>";
		};
		1193BEEF2AEA986000C6203F /* Screen */ = {
			isa = PBXGroup;
			children = (
				11057D502CF5C429004A383B /* Profile */,
				11D73F1C2CF4CF1A0088E48F /* Picker */,
				5B21BD332C11C505005B6191 /* First */,
				5B21BD342C11C50E005B6191 /* Second */,
				5B21BD352C11C513005B6191 /* Third */,
				5B21BD362C11C51F005B6191 /* Login */,
			);
			path = Screen;
			sourceTree = "<group>";
		};
		1193BEF02AEA986900C6203F /* Interop */ = {
			isa = PBXGroup;
			children = (
				1193BEE92AEA8B3E00C6203F /* DecomposeNavigationStack.swift */,
				114970162C399DC9005C6924 /* TabContentView.swift */,
			);
			path = Interop;
			sourceTree = "<group>";
		};
		119A92E62B0F379400D93E98 /* Extensions */ = {
			isa = PBXGroup;
			children = (
				119A92E72B0F37A300D93E98 /* MR+Extensions.swift */,
			);
			path = Extensions;
			sourceTree = "<group>";
		};
		119C5F492AEBC3EA00CB58E3 /* Config Files */ = {
			isa = PBXGroup;
			children = (
				119C5F4A2AEBC40200CB58E3 /* Debug.xcconfig */,
				DC7FFCC52B691F0400A70102 /* Beta.xcconfig */,
				119C5F4B2AEBC42400CB58E3 /* Release.xcconfig */,
			);
			path = "Config Files";
			sourceTree = "<group>";
		};
		11D73F1C2CF4CF1A0088E48F /* Picker */ = {
			isa = PBXGroup;
			children = (
				11D73F1F2CF4CFA10088E48F /* PickerViewModel.swift */,
				11D73F1D2CF4CF9A0088E48F /* PickerView.swift */,
			);
			path = Picker;
			sourceTree = "<group>";
		};
		5B21BD332C11C505005B6191 /* First */ = {
			isa = PBXGroup;
			children = (
				49877BFC2DCA33B200671AC6 /* FirstMultiplatformView.swift */,
				1193BEF52AEA989600C6203F /* FirstView.swift */,
				5B21BD382C11C55F005B6191 /* FirstViewModel.swift */,
			);
			path = First;
			sourceTree = "<group>";
		};
		5B21BD342C11C50E005B6191 /* Second */ = {
			isa = PBXGroup;
			children = (
				1193BEF72AEA989F00C6203F /* SecondView.swift */,
				5B21BD3A2C11CD0B005B6191 /* SecondViewModel.swift */,
			);
			path = Second;
			sourceTree = "<group>";
		};
		5B21BD352C11C513005B6191 /* Third */ = {
			isa = PBXGroup;
			children = (
				1193BEF92AEA98A800C6203F /* ThirdView.swift */,
				5B21BD3C2C11CEE8005B6191 /* ThirdViewModel.swift */,
			);
			path = Third;
			sourceTree = "<group>";
		};
		5B21BD362C11C51F005B6191 /* Login */ = {
			isa = PBXGroup;
			children = (
				1193BEFB2AEA9FA000C6203F /* LoginView.swift */,
				5B21BD3E2C11CF5C005B6191 /* LoginViewModel.swift */,
			);
			path = Login;
			sourceTree = "<group>";
		};
		7555FF72242A565900829871 = {
			isa = PBXGroup;
			children = (
				119C5F492AEBC3EA00CB58E3 /* Config Files */,
				7555FF7D242A565900829871 /* iosApp */,
				F4820A9F2B0B4D3E00B13080 /* iosAppTests */,
				F4820ABE2B0B528100B13080 /* iosAppUITests */,
				7555FF7C242A565900829871 /* Products */,
				7555FFB0242A642200829871 /* Frameworks */,
			);
			sourceTree = "<group>";
		};
		7555FF7C242A565900829871 /* Products */ = {
			isa = PBXGroup;
			children = (
				7555FF7B242A565900829871 /* iosApp.app */,
				F4820AAC2B0B4D6E00B13080 /* iosAppTests.xctest */,
				F4820ABD2B0B528100B13080 /* iosAppUITests.xctest */,
			);
			name = Products;
			sourceTree = "<group>";
		};
		7555FF7D242A565900829871 /* iosApp */ = {
			isa = PBXGroup;
			children = (
				DC7FFCC72B69297800A70102 /* Info.plist */,
				1193BEE22AEA89D800C6203F /* Architecture */,
				1113BA392AE6955200ABDE61 /* Platform */,
				119A92E62B0F379400D93E98 /* Extensions */,
				DC7FFCC62B69251D00A70102 /* Resources */,
				1113BA3C2AE6969700ABDE61 /* App */,
				1193BEED2AEA985200C6203F /* Views */,
				058557D7273AAEEB004C7B11 /* Preview Content */,
			);
			path = iosApp;
			sourceTree = "<group>";
		};
		7555FFB0242A642200829871 /* Frameworks */ = {
			isa = PBXGroup;
			children = (
				F4820AB62B0B51A100B13080 /* XCTest.framework */,
			);
			name = Frameworks;
			sourceTree = "<group>";
		};
		DC7FFCC62B69251D00A70102 /* Resources */ = {
			isa = PBXGroup;
			children = (
				058557BA273AAA24004C7B11 /* Assets.xcassets */,
			);
			path = Resources;
			sourceTree = "<group>";
		};
		F4820A9F2B0B4D3E00B13080 /* iosAppTests */ = {
			isa = PBXGroup;
			children = (
				F4820AA02B0B4D3E00B13080 /* iosAppTests.swift */,
			);
			path = iosAppTests;
			sourceTree = "<group>";
		};
		F4820ABE2B0B528100B13080 /* iosAppUITests */ = {
			isa = PBXGroup;
			children = (
				F4820AC12B0B528100B13080 /* iosAppUITestsLaunchTests.swift */,
			);
			path = iosAppUITests;
			sourceTree = "<group>";
		};
/* End PBXGroup section */

/* Begin PBXLegacyTarget section */
		11B4EDFA2D83026500D775CC /* Build KMP */ = {
			isa = PBXLegacyTarget;
			buildArgumentsString = "$(ACTION)";
			buildConfigurationList = 11B4EDFE2D83026500D775CC /* Build configuration list for PBXLegacyTarget "Build KMP" */;
			buildPhases = (
			);
			buildToolPath = /usr/bin/make;
			buildWorkingDirectory = "${PROJECT_DIR}/shared/KMP";
			dependencies = (
			);
			name = "Build KMP";
			packageProductDependencies = (
			);
			passBuildSettingsInEnvironment = 1;
			productName = "Build KMP";
		};
/* End PBXLegacyTarget section */

/* Begin PBXNativeTarget section */
		7555FF7A242A565900829871 /* iosApp */ = {
			isa = PBXNativeTarget;
			buildConfigurationList = 7555FFA5242A565B00829871 /* Build configuration list for PBXNativeTarget "iosApp" */;
			buildPhases = (
				7555FF77242A565900829871 /* Sources */,
				F4820A982B065E0800B13080 /* Run Swiftlint */,
				7555FF78242A565900829871 /* Frameworks */,
				7555FF79242A565900829871 /* Resources */,
				7555FFB4242A642300829871 /* Embed Frameworks */,
			);
			buildRules = (
			);
			dependencies = (
			);
			name = iosApp;
			productName = iosApp;
			productReference = 7555FF7B242A565900829871 /* iosApp.app */;
			productType = "com.apple.product-type.application";
		};
		F4820AAB2B0B4D6E00B13080 /* iosAppTests */ = {
			isa = PBXNativeTarget;
			buildConfigurationList = F4820AB22B0B4D6E00B13080 /* Build configuration list for PBXNativeTarget "iosAppTests" */;
			buildPhases = (
				F4820AA82B0B4D6E00B13080 /* Sources */,
				F4820AA92B0B4D6E00B13080 /* Frameworks */,
				F4820AAA2B0B4D6E00B13080 /* Resources */,
			);
			buildRules = (
			);
			dependencies = (
				F4820AB12B0B4D6E00B13080 /* PBXTargetDependency */,
			);
			name = iosAppTests;
			productName = iosAppTests;
			productReference = F4820AAC2B0B4D6E00B13080 /* iosAppTests.xctest */;
			productType = "com.apple.product-type.bundle.unit-test";
		};
		F4820ABC2B0B528100B13080 /* iosAppUITests */ = {
			isa = PBXNativeTarget;
			buildConfigurationList = F4820AC52B0B528100B13080 /* Build configuration list for PBXNativeTarget "iosAppUITests" */;
			buildPhases = (
				F4820AB92B0B528100B13080 /* Sources */,
				F4820ABA2B0B528100B13080 /* Frameworks */,
				F4820ABB2B0B528100B13080 /* Resources */,
			);
			buildRules = (
			);
			dependencies = (
				F4820AC42B0B528100B13080 /* PBXTargetDependency */,
			);
			name = iosAppUITests;
			productName = iosAppUITests;
			productReference = F4820ABD2B0B528100B13080 /* iosAppUITests.xctest */;
			productType = "com.apple.product-type.bundle.ui-testing";
		};
/* End PBXNativeTarget section */

/* Begin PBXProject section */
		7555FF73242A565900829871 /* Project object */ = {
			isa = PBXProject;
			attributes = {
				BuildIndependentTargetsInParallel = YES;
				LastSwiftUpdateCheck = 1500;
				LastUpgradeCheck = 1520;
				ORGANIZATIONNAME = orgName;
				TargetAttributes = {
					11B4EDFA2D83026500D775CC = {
						CreatedOnToolsVersion = 16.0;
					};
					7555FF7A242A565900829871 = {
						CreatedOnToolsVersion = 11.3.1;
					};
					F4820AAB2B0B4D6E00B13080 = {
						CreatedOnToolsVersion = 15.0;
						TestTargetID = 7555FF7A242A565900829871;
					};
					F4820ABC2B0B528100B13080 = {
						CreatedOnToolsVersion = 15.0;
						TestTargetID = 7555FF7A242A565900829871;
					};
				};
			};
			buildConfigurationList = 7555FF76242A565900829871 /* Build configuration list for PBXProject "iosApp" */;
			compatibilityVersion = "Xcode 9.3";
			developmentRegion = en;
			hasScannedForEncodings = 0;
			knownRegions = (
				en,
				Base,
			);
			mainGroup = 7555FF72242A565900829871;
			packageReferences = (
				11B83C212D79C062007D03F7 /* XCLocalSwiftPackageReference "shared/KMP" */,
			);
			productRefGroup = 7555FF7C242A565900829871 /* Products */;
			projectDirPath = "";
			projectRoot = "";
			targets = (
				7555FF7A242A565900829871 /* iosApp */,
				F4820AAB2B0B4D6E00B13080 /* iosAppTests */,
				F4820ABC2B0B528100B13080 /* iosAppUITests */,
				11B4EDFA2D83026500D775CC /* Build KMP */,
			);
		};
/* End PBXProject section */

/* Begin PBXResourcesBuildPhase section */
		7555FF79242A565900829871 /* Resources */ = {
			isa = PBXResourcesBuildPhase;
			buildActionMask = 2147483647;
			files = (
				058557D9273AAEEB004C7B11 /* Preview Assets.xcassets in Resources */,
				058557BB273AAA24004C7B11 /* Assets.xcassets in Resources */,
			);
			runOnlyForDeploymentPostprocessing = 0;
		};
		F4820AAA2B0B4D6E00B13080 /* Resources */ = {
			isa = PBXResourcesBuildPhase;
			buildActionMask = 2147483647;
			files = (
			);
			runOnlyForDeploymentPostprocessing = 0;
		};
		F4820ABB2B0B528100B13080 /* Resources */ = {
			isa = PBXResourcesBuildPhase;
			buildActionMask = 2147483647;
			files = (
			);
			runOnlyForDeploymentPostprocessing = 0;
		};
/* End PBXResourcesBuildPhase section */

/* Begin PBXShellScriptBuildPhase section */
		F4820A982B065E0800B13080 /* Run Swiftlint */ = {
			isa = PBXShellScriptBuildPhase;
			alwaysOutOfDate = 1;
			buildActionMask = 2147483647;
			files = (
			);
			inputFileListPaths = (
			);
			inputPaths = (
			);
			name = "Run Swiftlint";
			outputFileListPaths = (
			);
			outputPaths = (
			);
			runOnlyForDeploymentPostprocessing = 0;
			shellPath = /bin/sh;
			shellScript = "if test -d \"/opt/homebrew/bin/\"; then\n  PATH=\"/opt/homebrew/bin/:${PATH}\"\nfi\n\nexport PATH\n\nif which swiftlint >/dev/null; then\n    swiftlint --fix\n    swiftlint\nelse\n    echo \"error: SwiftLint not installed, run: brew install swiftlint\"\nfi\n";
		};
/* End PBXShellScriptBuildPhase section */

/* Begin PBXSourcesBuildPhase section */
		7555FF77242A565900829871 /* Sources */ = {
			isa = PBXSourcesBuildPhase;
			buildActionMask = 2147483647;
			files = (
				1193BEEC2AEA97C900C6203F /* RootView.swift in Sources */,
				1193BEFA2AEA98A800C6203F /* ThirdView.swift in Sources */,
				11057D542CF5C43F004A383B /* ProfileViewModel.swift in Sources */,
				119C5F4D2AEBDFCB00CB58E3 /* KotlinStateFlow.swift in Sources */,
				49877BFD2DCA33C000671AC6 /* FirstMultiplatformView.swift in Sources */,
				5B21BD3B2C11CD0B005B6191 /* SecondViewModel.swift in Sources */,
				114970172C399DC9005C6924 /* TabContentView.swift in Sources */,
				1113BA3E2AE696A600ABDE61 /* AppDelegate.swift in Sources */,
				11D73F202CF4CFA40088E48F /* PickerViewModel.swift in Sources */,
				1193BEE62AEA8A4A00C6203F /* ComponentHolder.swift in Sources */,
				5B21BD3D2C11CEE8005B6191 /* ThirdViewModel.swift in Sources */,
				1193BEF22AEA987D00C6203F /* RootNavigationView.swift in Sources */,
				11C4D2F32AF920DC00E272CF /* PlatformFirebaseCrashlyticsImpl.swift in Sources */,
				5B21BD392C11C55F005B6191 /* FirstViewModel.swift in Sources */,
				11057D522CF5C438004A383B /* ProfileView.swift in Sources */,
				11B16AC12C32B34F00ECA63A /* SignedInNavigationView.swift in Sources */,
				11D73F1E2CF4CF9E0088E48F /* PickerView.swift in Sources */,
				1193BEEA2AEA8B3E00C6203F /* DecomposeNavigationStack.swift in Sources */,
				119A92E82B0F37A300D93E98 /* MR+Extensions.swift in Sources */,
				1193BEF82AEA989F00C6203F /* SecondView.swift in Sources */,
				11B16AC52C32B84D00ECA63A /* HomeTabNavigationView.swift in Sources */,
				1193BEFC2AEA9FA000C6203F /* LoginView.swift in Sources */,
				1113BA3B2AE6956A00ABDE61 /* PlatformBindingsImpl.swift in Sources */,
				1113BA402AE6993800ABDE61 /* KmpTemplateApp.swift in Sources */,
				1193BEF62AEA989600C6203F /* FirstView.swift in Sources */,
				111C3A7E2AEBE59900873511 /* View+EventsEffect.swift in Sources */,
				11B16AC32C32B81200ECA63A /* ProfileTabNavigationView.swift in Sources */,
				112B170E2C35459100ADCCBF /* KotlinOptionalStateFlow.swift in Sources */,
				11D407542C17232F0055C0F2 /* PlatformImpl.swift in Sources */,
				5B21BD3F2C11CF5C005B6191 /* LoginViewModel.swift in Sources */,
			);
			runOnlyForDeploymentPostprocessing = 0;
		};
		F4820AA82B0B4D6E00B13080 /* Sources */ = {
			isa = PBXSourcesBuildPhase;
			buildActionMask = 2147483647;
			files = (
				F4820AB82B0B523E00B13080 /* iosAppTests.swift in Sources */,
			);
			runOnlyForDeploymentPostprocessing = 0;
		};
		F4820AB92B0B528100B13080 /* Sources */ = {
			isa = PBXSourcesBuildPhase;
			buildActionMask = 2147483647;
			files = (
				F4820AC22B0B528100B13080 /* iosAppUITestsLaunchTests.swift in Sources */,
			);
			runOnlyForDeploymentPostprocessing = 0;
		};
/* End PBXSourcesBuildPhase section */

/* Begin PBXTargetDependency section */
		F4820AB12B0B4D6E00B13080 /* PBXTargetDependency */ = {
			isa = PBXTargetDependency;
			target = 7555FF7A242A565900829871 /* iosApp */;
			targetProxy = F4820AB02B0B4D6E00B13080 /* PBXContainerItemProxy */;
		};
		F4820AC42B0B528100B13080 /* PBXTargetDependency */ = {
			isa = PBXTargetDependency;
			target = 7555FF7A242A565900829871 /* iosApp */;
			targetProxy = F4820AC32B0B528100B13080 /* PBXContainerItemProxy */;
		};
/* End PBXTargetDependency section */

/* Begin XCBuildConfiguration section */
		11B4EDFB2D83026500D775CC /* Debug */ = {
			isa = XCBuildConfiguration;
			baseConfigurationReference = 119C5F4A2AEBC40200CB58E3 /* Debug.xcconfig */;
			buildSettings = {
				CLANG_CXX_LANGUAGE_STANDARD = "gnu++20";
				CODE_SIGN_STYLE = Automatic;
				DEBUGGING_SYMBOLS = YES;
				DEBUG_INFORMATION_FORMAT = dwarf;
				ENABLE_USER_SCRIPT_SANDBOXING = YES;
				GCC_C_LANGUAGE_STANDARD = gnu17;
				GCC_GENERATE_DEBUGGING_SYMBOLS = YES;
				GCC_OPTIMIZATION_LEVEL = 0;
				LOCALIZATION_PREFERS_STRING_CATALOGS = YES;
				OTHER_CFLAGS = "";
				OTHER_LDFLAGS = "";
				PRODUCT_NAME = "$(TARGET_NAME)";
			};
			name = Debug;
		};
		11B4EDFC2D83026500D775CC /* Beta */ = {
			isa = XCBuildConfiguration;
			baseConfigurationReference = DC7FFCC52B691F0400A70102 /* Beta.xcconfig */;
			buildSettings = {
				CLANG_CXX_LANGUAGE_STANDARD = "gnu++20";
				CODE_SIGN_STYLE = Automatic;
				DEBUG_INFORMATION_FORMAT = "dwarf-with-dsym";
				ENABLE_USER_SCRIPT_SANDBOXING = YES;
				GCC_C_LANGUAGE_STANDARD = gnu17;
				LOCALIZATION_PREFERS_STRING_CATALOGS = YES;
				OTHER_CFLAGS = "";
				OTHER_LDFLAGS = "";
				PRODUCT_NAME = "$(TARGET_NAME)";
			};
			name = Beta;
		};
		11B4EDFD2D83026500D775CC /* Release */ = {
			isa = XCBuildConfiguration;
			baseConfigurationReference = 119C5F4B2AEBC42400CB58E3 /* Release.xcconfig */;
			buildSettings = {
				CLANG_CXX_LANGUAGE_STANDARD = "gnu++20";
				CODE_SIGN_STYLE = Automatic;
				DEBUG_INFORMATION_FORMAT = "dwarf-with-dsym";
				ENABLE_USER_SCRIPT_SANDBOXING = YES;
				GCC_C_LANGUAGE_STANDARD = gnu17;
				LOCALIZATION_PREFERS_STRING_CATALOGS = YES;
				OTHER_CFLAGS = "";
				OTHER_LDFLAGS = "";
				PRODUCT_NAME = "$(TARGET_NAME)";
			};
			name = Release;
		};
		7555FFA3242A565B00829871 /* Debug */ = {
			isa = XCBuildConfiguration;
			buildSettings = {
				ALWAYS_SEARCH_USER_PATHS = NO;
				ASSETCATALOG_COMPILER_GENERATE_SWIFT_ASSET_SYMBOL_EXTENSIONS = YES;
				CLANG_ANALYZER_NONNULL = YES;
				CLANG_ANALYZER_NUMBER_OBJECT_CONVERSION = YES_AGGRESSIVE;
				CLANG_CXX_LANGUAGE_STANDARD = "gnu++14";
				CLANG_CXX_LIBRARY = "libc++";
				CLANG_ENABLE_MODULES = YES;
				CLANG_ENABLE_OBJC_ARC = YES;
				CLANG_ENABLE_OBJC_WEAK = YES;
				CLANG_WARN_BLOCK_CAPTURE_AUTORELEASING = YES;
				CLANG_WARN_BOOL_CONVERSION = YES;
				CLANG_WARN_COMMA = YES;
				CLANG_WARN_CONSTANT_CONVERSION = YES;
				CLANG_WARN_DEPRECATED_OBJC_IMPLEMENTATIONS = YES;
				CLANG_WARN_DIRECT_OBJC_ISA_USAGE = YES_ERROR;
				CLANG_WARN_DOCUMENTATION_COMMENTS = YES;
				CLANG_WARN_EMPTY_BODY = YES;
				CLANG_WARN_ENUM_CONVERSION = YES;
				CLANG_WARN_INFINITE_RECURSION = YES;
				CLANG_WARN_INT_CONVERSION = YES;
				CLANG_WARN_NON_LITERAL_NULL_CONVERSION = YES;
				CLANG_WARN_OBJC_IMPLICIT_RETAIN_SELF = YES;
				CLANG_WARN_OBJC_LITERAL_CONVERSION = YES;
				CLANG_WARN_OBJC_ROOT_CLASS = YES_ERROR;
				CLANG_WARN_QUOTED_INCLUDE_IN_FRAMEWORK_HEADER = YES;
				CLANG_WARN_RANGE_LOOP_ANALYSIS = YES;
				CLANG_WARN_STRICT_PROTOTYPES = YES;
				CLANG_WARN_SUSPICIOUS_MOVE = YES;
				CLANG_WARN_UNGUARDED_AVAILABILITY = YES_AGGRESSIVE;
				CLANG_WARN_UNREACHABLE_CODE = YES;
				CLANG_WARN__DUPLICATE_METHOD_MATCH = YES;
				COPY_PHASE_STRIP = NO;
				DEBUG_INFORMATION_FORMAT = "dwarf-with-dsym";
				ENABLE_STRICT_OBJC_MSGSEND = YES;
				ENABLE_TESTABILITY = YES;
				GCC_C_LANGUAGE_STANDARD = gnu11;
				GCC_DYNAMIC_NO_PIC = NO;
				GCC_NO_COMMON_BLOCKS = YES;
				GCC_OPTIMIZATION_LEVEL = 0;
				GCC_PREPROCESSOR_DEFINITIONS = (
					"DEBUG=1",
					"$(inherited)",
				);
				GCC_WARN_64_TO_32_BIT_CONVERSION = YES;
				GCC_WARN_ABOUT_RETURN_TYPE = YES_ERROR;
				GCC_WARN_UNDECLARED_SELECTOR = YES;
				GCC_WARN_UNINITIALIZED_AUTOS = YES_AGGRESSIVE;
				GCC_WARN_UNUSED_FUNCTION = YES;
				GCC_WARN_UNUSED_VARIABLE = YES;
				IPHONEOS_DEPLOYMENT_TARGET = 16.0;
				MTL_ENABLE_DEBUG_INFO = INCLUDE_SOURCE;
				MTL_FAST_MATH = YES;
				ONLY_ACTIVE_ARCH = YES;
				SDKROOT = iphoneos;
				SWIFT_ACTIVE_COMPILATION_CONDITIONS = DEBUG;
				SWIFT_OPTIMIZATION_LEVEL = "-Onone";
			};
			name = Debug;
		};
		7555FFA4242A565B00829871 /* Release */ = {
			isa = XCBuildConfiguration;
			buildSettings = {
				ALWAYS_SEARCH_USER_PATHS = NO;
				ASSETCATALOG_COMPILER_GENERATE_SWIFT_ASSET_SYMBOL_EXTENSIONS = YES;
				CLANG_ANALYZER_NONNULL = YES;
				CLANG_ANALYZER_NUMBER_OBJECT_CONVERSION = YES_AGGRESSIVE;
				CLANG_CXX_LANGUAGE_STANDARD = "gnu++14";
				CLANG_CXX_LIBRARY = "libc++";
				CLANG_ENABLE_MODULES = YES;
				CLANG_ENABLE_OBJC_ARC = YES;
				CLANG_ENABLE_OBJC_WEAK = YES;
				CLANG_WARN_BLOCK_CAPTURE_AUTORELEASING = YES;
				CLANG_WARN_BOOL_CONVERSION = YES;
				CLANG_WARN_COMMA = YES;
				CLANG_WARN_CONSTANT_CONVERSION = YES;
				CLANG_WARN_DEPRECATED_OBJC_IMPLEMENTATIONS = YES;
				CLANG_WARN_DIRECT_OBJC_ISA_USAGE = YES_ERROR;
				CLANG_WARN_DOCUMENTATION_COMMENTS = YES;
				CLANG_WARN_EMPTY_BODY = YES;
				CLANG_WARN_ENUM_CONVERSION = YES;
				CLANG_WARN_INFINITE_RECURSION = YES;
				CLANG_WARN_INT_CONVERSION = YES;
				CLANG_WARN_NON_LITERAL_NULL_CONVERSION = YES;
				CLANG_WARN_OBJC_IMPLICIT_RETAIN_SELF = YES;
				CLANG_WARN_OBJC_LITERAL_CONVERSION = YES;
				CLANG_WARN_OBJC_ROOT_CLASS = YES_ERROR;
				CLANG_WARN_QUOTED_INCLUDE_IN_FRAMEWORK_HEADER = YES;
				CLANG_WARN_RANGE_LOOP_ANALYSIS = YES;
				CLANG_WARN_STRICT_PROTOTYPES = YES;
				CLANG_WARN_SUSPICIOUS_MOVE = YES;
				CLANG_WARN_UNGUARDED_AVAILABILITY = YES_AGGRESSIVE;
				CLANG_WARN_UNREACHABLE_CODE = YES;
				CLANG_WARN__DUPLICATE_METHOD_MATCH = YES;
				COPY_PHASE_STRIP = NO;
				DEBUG_INFORMATION_FORMAT = "dwarf-with-dsym";
				ENABLE_NS_ASSERTIONS = NO;
				ENABLE_STRICT_OBJC_MSGSEND = YES;
				GCC_C_LANGUAGE_STANDARD = gnu11;
				GCC_NO_COMMON_BLOCKS = YES;
				GCC_WARN_64_TO_32_BIT_CONVERSION = YES;
				GCC_WARN_ABOUT_RETURN_TYPE = YES_ERROR;
				GCC_WARN_UNDECLARED_SELECTOR = YES;
				GCC_WARN_UNINITIALIZED_AUTOS = YES_AGGRESSIVE;
				GCC_WARN_UNUSED_FUNCTION = YES;
				GCC_WARN_UNUSED_VARIABLE = YES;
				IPHONEOS_DEPLOYMENT_TARGET = 16.0;
				MTL_ENABLE_DEBUG_INFO = NO;
				MTL_FAST_MATH = YES;
				SDKROOT = iphoneos;
				SWIFT_COMPILATION_MODE = wholemodule;
				SWIFT_OPTIMIZATION_LEVEL = "-O";
				VALIDATE_PRODUCT = YES;
			};
			name = Release;
		};
		7555FFA6242A565B00829871 /* Debug */ = {
			isa = XCBuildConfiguration;
			baseConfigurationReference = 119C5F4A2AEBC40200CB58E3 /* Debug.xcconfig */;
			buildSettings = {
				ASSETCATALOG_COMPILER_APPICON_NAME = AppIcon;
				CODE_SIGN_STYLE = Manual;
				CURRENT_PROJECT_VERSION = 1;
				DEVELOPMENT_ASSET_PATHS = "\"iosApp/Preview Content\"";
				DEVELOPMENT_TEAM = "";
				ENABLE_PREVIEWS = YES;
				FRAMEWORK_SEARCH_PATHS = "";
				GENERATE_INFOPLIST_FILE = YES;
				INFOPLIST_FILE = iosApp/Info.plist;
				INFOPLIST_KEY_UIStatusBarStyle = "";
				INFOPLIST_KEY_UISupportedInterfaceOrientations = UIInterfaceOrientationPortrait;
				INFOPLIST_KEY_UISupportedInterfaceOrientations_iPad = "UIInterfaceOrientationLandscapeLeft UIInterfaceOrientationLandscapeRight UIInterfaceOrientationPortrait UIInterfaceOrientationPortraitUpsideDown";
				LD_RUNPATH_SEARCH_PATHS = (
					"$(inherited)",
					"@executable_path/Frameworks",
				);
				MARKETING_VERSION = 1.0.0;
				OTHER_LDFLAGS = (
					"$(inherited)",
					"-lsqlite3",
				);
				PRODUCT_BUNDLE_IDENTIFIER = app.futured.iosApp;
				PRODUCT_NAME = "$(TARGET_NAME)";
				PROVISIONING_PROFILE_SPECIFIER = "";
				SWIFT_VERSION = 5.0;
				TARGETED_DEVICE_FAMILY = "1,2";
			};
			name = Debug;
		};
		7555FFA7242A565B00829871 /* Release */ = {
			isa = XCBuildConfiguration;
			baseConfigurationReference = 119C5F4B2AEBC42400CB58E3 /* Release.xcconfig */;
			buildSettings = {
				ASSETCATALOG_COMPILER_APPICON_NAME = AppIcon;
				CODE_SIGN_STYLE = Manual;
				CURRENT_PROJECT_VERSION = 1;
				DEVELOPMENT_ASSET_PATHS = "\"iosApp/Preview Content\"";
				DEVELOPMENT_TEAM = "";
				ENABLE_PREVIEWS = YES;
				FRAMEWORK_SEARCH_PATHS = "";
				GENERATE_INFOPLIST_FILE = YES;
				INFOPLIST_FILE = iosApp/Info.plist;
				INFOPLIST_KEY_UIStatusBarStyle = "";
				INFOPLIST_KEY_UISupportedInterfaceOrientations = UIInterfaceOrientationPortrait;
				INFOPLIST_KEY_UISupportedInterfaceOrientations_iPad = "UIInterfaceOrientationLandscapeLeft UIInterfaceOrientationLandscapeRight UIInterfaceOrientationPortrait UIInterfaceOrientationPortraitUpsideDown";
				LD_RUNPATH_SEARCH_PATHS = (
					"$(inherited)",
					"@executable_path/Frameworks",
				);
				MARKETING_VERSION = 1.0.0;
				OTHER_LDFLAGS = (
					"$(inherited)",
					"-lsqlite3",
				);
				PRODUCT_BUNDLE_IDENTIFIER = orgIdentifier.iosApp;
				PRODUCT_NAME = "$(TARGET_NAME)";
				PROVISIONING_PROFILE_SPECIFIER = "";
				SWIFT_ACTIVE_COMPILATION_CONDITIONS = RELEASE;
				SWIFT_VERSION = 5.0;
				TARGETED_DEVICE_FAMILY = "1,2";
			};
			name = Release;
		};
		F4820A962B06598100B13080 /* Beta */ = {
			isa = XCBuildConfiguration;
			buildSettings = {
				ALWAYS_SEARCH_USER_PATHS = NO;
				ASSETCATALOG_COMPILER_GENERATE_SWIFT_ASSET_SYMBOL_EXTENSIONS = YES;
				CLANG_ANALYZER_NONNULL = YES;
				CLANG_ANALYZER_NUMBER_OBJECT_CONVERSION = YES_AGGRESSIVE;
				CLANG_CXX_LANGUAGE_STANDARD = "gnu++14";
				CLANG_CXX_LIBRARY = "libc++";
				CLANG_ENABLE_MODULES = YES;
				CLANG_ENABLE_OBJC_ARC = YES;
				CLANG_ENABLE_OBJC_WEAK = YES;
				CLANG_WARN_BLOCK_CAPTURE_AUTORELEASING = YES;
				CLANG_WARN_BOOL_CONVERSION = YES;
				CLANG_WARN_COMMA = YES;
				CLANG_WARN_CONSTANT_CONVERSION = YES;
				CLANG_WARN_DEPRECATED_OBJC_IMPLEMENTATIONS = YES;
				CLANG_WARN_DIRECT_OBJC_ISA_USAGE = YES_ERROR;
				CLANG_WARN_DOCUMENTATION_COMMENTS = YES;
				CLANG_WARN_EMPTY_BODY = YES;
				CLANG_WARN_ENUM_CONVERSION = YES;
				CLANG_WARN_INFINITE_RECURSION = YES;
				CLANG_WARN_INT_CONVERSION = YES;
				CLANG_WARN_NON_LITERAL_NULL_CONVERSION = YES;
				CLANG_WARN_OBJC_IMPLICIT_RETAIN_SELF = YES;
				CLANG_WARN_OBJC_LITERAL_CONVERSION = YES;
				CLANG_WARN_OBJC_ROOT_CLASS = YES_ERROR;
				CLANG_WARN_QUOTED_INCLUDE_IN_FRAMEWORK_HEADER = YES;
				CLANG_WARN_RANGE_LOOP_ANALYSIS = YES;
				CLANG_WARN_STRICT_PROTOTYPES = YES;
				CLANG_WARN_SUSPICIOUS_MOVE = YES;
				CLANG_WARN_UNGUARDED_AVAILABILITY = YES_AGGRESSIVE;
				CLANG_WARN_UNREACHABLE_CODE = YES;
				CLANG_WARN__DUPLICATE_METHOD_MATCH = YES;
				COPY_PHASE_STRIP = NO;
				DEBUG_INFORMATION_FORMAT = "dwarf-with-dsym";
				ENABLE_STRICT_OBJC_MSGSEND = YES;
				ENABLE_TESTABILITY = NO;
				GCC_C_LANGUAGE_STANDARD = gnu11;
				GCC_DYNAMIC_NO_PIC = NO;
				GCC_NO_COMMON_BLOCKS = YES;
				GCC_OPTIMIZATION_LEVEL = 0;
				GCC_PREPROCESSOR_DEFINITIONS = "";
				GCC_WARN_64_TO_32_BIT_CONVERSION = YES;
				GCC_WARN_ABOUT_RETURN_TYPE = YES_ERROR;
				GCC_WARN_UNDECLARED_SELECTOR = YES;
				GCC_WARN_UNINITIALIZED_AUTOS = YES_AGGRESSIVE;
				GCC_WARN_UNUSED_FUNCTION = YES;
				GCC_WARN_UNUSED_VARIABLE = YES;
				IPHONEOS_DEPLOYMENT_TARGET = 16.0;
				MTL_ENABLE_DEBUG_INFO = INCLUDE_SOURCE;
				MTL_FAST_MATH = YES;
				ONLY_ACTIVE_ARCH = NO;
				SDKROOT = iphoneos;
				SWIFT_ACTIVE_COMPILATION_CONDITIONS = DEBUG;
				SWIFT_OPTIMIZATION_LEVEL = "-Onone";
				VALIDATE_PRODUCT = YES;
			};
			name = Beta;
		};
		F4820A972B06598100B13080 /* Beta */ = {
			isa = XCBuildConfiguration;
			baseConfigurationReference = DC7FFCC52B691F0400A70102 /* Beta.xcconfig */;
			buildSettings = {
				ASSETCATALOG_COMPILER_APPICON_NAME = AppIcon;
				CODE_SIGN_STYLE = Manual;
				CURRENT_PROJECT_VERSION = 1;
				DEVELOPMENT_ASSET_PATHS = "\"iosApp/Preview Content\"";
				DEVELOPMENT_TEAM = "";
				ENABLE_PREVIEWS = YES;
				FRAMEWORK_SEARCH_PATHS = "";
				GENERATE_INFOPLIST_FILE = YES;
				INFOPLIST_FILE = iosApp/Info.plist;
				INFOPLIST_KEY_UIStatusBarStyle = "";
				INFOPLIST_KEY_UISupportedInterfaceOrientations = UIInterfaceOrientationPortrait;
				INFOPLIST_KEY_UISupportedInterfaceOrientations_iPad = "UIInterfaceOrientationLandscapeLeft UIInterfaceOrientationLandscapeRight UIInterfaceOrientationPortrait UIInterfaceOrientationPortraitUpsideDown";
				LD_RUNPATH_SEARCH_PATHS = (
					"$(inherited)",
					"@executable_path/Frameworks",
				);
				MARKETING_VERSION = 1.0.0;
				MTL_ENABLE_DEBUG_INFO = NO;
				OTHER_LDFLAGS = (
					"$(inherited)",
					"-lsqlite3",
				);
				PRODUCT_BUNDLE_IDENTIFIER = app.futured.iosApp.beta;
				PRODUCT_NAME = "$(TARGET_NAME)";
				PROVISIONING_PROFILE_SPECIFIER = "";
				SWIFT_ACTIVE_COMPILATION_CONDITIONS = BETA;
				SWIFT_VERSION = 5.0;
				TARGETED_DEVICE_FAMILY = "1,2";
			};
			name = Beta;
		};
		F4820AB32B0B4D6E00B13080 /* Debug */ = {
			isa = XCBuildConfiguration;
			buildSettings = {
				ASSETCATALOG_COMPILER_GENERATE_SWIFT_ASSET_SYMBOL_EXTENSIONS = YES;
				BUNDLE_LOADER = "$(TEST_HOST)";
				CLANG_CXX_LANGUAGE_STANDARD = "gnu++20";
				CODE_SIGN_STYLE = Automatic;
				CURRENT_PROJECT_VERSION = 1;
				DEBUG_INFORMATION_FORMAT = dwarf;
				ENABLE_USER_SCRIPT_SANDBOXING = YES;
				GCC_C_LANGUAGE_STANDARD = gnu17;
				GENERATE_INFOPLIST_FILE = YES;
				IPHONEOS_DEPLOYMENT_TARGET = 16.0;
				LOCALIZATION_PREFERS_STRING_CATALOGS = YES;
				MARKETING_VERSION = 1.0;
				PRODUCT_BUNDLE_IDENTIFIER = orgIdentifier.iosApp.iosAppTests;
				PRODUCT_NAME = "$(TARGET_NAME)";
				SUPPORTED_PLATFORMS = "iphoneos iphonesimulator";
				SUPPORTS_MACCATALYST = NO;
				SWIFT_ACTIVE_COMPILATION_CONDITIONS = "DEBUG $(inherited)";
				SWIFT_EMIT_LOC_STRINGS = NO;
				SWIFT_VERSION = 5.0;
				TARGETED_DEVICE_FAMILY = "1,2";
				TEST_HOST = "$(BUILT_PRODUCTS_DIR)/iosApp.app/$(BUNDLE_EXECUTABLE_FOLDER_PATH)/iosApp";
			};
			name = Debug;
		};
		F4820AB42B0B4D6E00B13080 /* Beta */ = {
			isa = XCBuildConfiguration;
			buildSettings = {
				ASSETCATALOG_COMPILER_GENERATE_SWIFT_ASSET_SYMBOL_EXTENSIONS = YES;
				BUNDLE_LOADER = "$(TEST_HOST)";
				CLANG_CXX_LANGUAGE_STANDARD = "gnu++20";
				CODE_SIGN_STYLE = Automatic;
				CURRENT_PROJECT_VERSION = 1;
				ENABLE_USER_SCRIPT_SANDBOXING = YES;
				GCC_C_LANGUAGE_STANDARD = gnu17;
				GENERATE_INFOPLIST_FILE = YES;
				IPHONEOS_DEPLOYMENT_TARGET = 16.0;
				LOCALIZATION_PREFERS_STRING_CATALOGS = YES;
				MARKETING_VERSION = 1.0;
				PRODUCT_BUNDLE_IDENTIFIER = orgIdentifier.iosApp.iosAppTests;
				PRODUCT_NAME = "$(TARGET_NAME)";
				SUPPORTED_PLATFORMS = "iphoneos iphonesimulator";
				SUPPORTS_MACCATALYST = NO;
				SWIFT_EMIT_LOC_STRINGS = NO;
				SWIFT_VERSION = 5.0;
				TARGETED_DEVICE_FAMILY = "1,2";
				TEST_HOST = "$(BUILT_PRODUCTS_DIR)/iosApp.app/$(BUNDLE_EXECUTABLE_FOLDER_PATH)/iosApp";
			};
			name = Beta;
		};
		F4820AB52B0B4D6E00B13080 /* Release */ = {
			isa = XCBuildConfiguration;
			buildSettings = {
				ASSETCATALOG_COMPILER_GENERATE_SWIFT_ASSET_SYMBOL_EXTENSIONS = YES;
				BUNDLE_LOADER = "$(TEST_HOST)";
				CLANG_CXX_LANGUAGE_STANDARD = "gnu++20";
				CODE_SIGN_STYLE = Automatic;
				CURRENT_PROJECT_VERSION = 1;
				ENABLE_USER_SCRIPT_SANDBOXING = YES;
				GCC_C_LANGUAGE_STANDARD = gnu17;
				GENERATE_INFOPLIST_FILE = YES;
				IPHONEOS_DEPLOYMENT_TARGET = 16.0;
				LOCALIZATION_PREFERS_STRING_CATALOGS = YES;
				MARKETING_VERSION = 1.0;
				PRODUCT_BUNDLE_IDENTIFIER = orgIdentifier.iosApp.iosAppTests;
				PRODUCT_NAME = "$(TARGET_NAME)";
				SUPPORTED_PLATFORMS = "iphoneos iphonesimulator";
				SUPPORTS_MACCATALYST = NO;
				SWIFT_EMIT_LOC_STRINGS = NO;
				SWIFT_VERSION = 5.0;
				TARGETED_DEVICE_FAMILY = "1,2";
				TEST_HOST = "$(BUILT_PRODUCTS_DIR)/iosApp.app/$(BUNDLE_EXECUTABLE_FOLDER_PATH)/iosApp";
			};
			name = Release;
		};
		F4820AC62B0B528100B13080 /* Debug */ = {
			isa = XCBuildConfiguration;
			buildSettings = {
				ASSETCATALOG_COMPILER_GENERATE_SWIFT_ASSET_SYMBOL_EXTENSIONS = YES;
				CLANG_CXX_LANGUAGE_STANDARD = "gnu++20";
				CODE_SIGN_STYLE = Automatic;
				CURRENT_PROJECT_VERSION = 1;
				DEBUG_INFORMATION_FORMAT = dwarf;
				ENABLE_USER_SCRIPT_SANDBOXING = YES;
				GCC_C_LANGUAGE_STANDARD = gnu17;
				GENERATE_INFOPLIST_FILE = YES;
				IPHONEOS_DEPLOYMENT_TARGET = 16.0;
				LOCALIZATION_PREFERS_STRING_CATALOGS = YES;
				MARKETING_VERSION = 1.0;
				PRODUCT_BUNDLE_IDENTIFIER = orgIdentifier.iosApp.iosAppUITests;
				PRODUCT_NAME = "$(TARGET_NAME)";
				SWIFT_ACTIVE_COMPILATION_CONDITIONS = "DEBUG $(inherited)";
				SWIFT_EMIT_LOC_STRINGS = NO;
				SWIFT_VERSION = 5.0;
				TARGETED_DEVICE_FAMILY = "1,2";
				TEST_TARGET_NAME = iosApp;
			};
			name = Debug;
		};
		F4820AC72B0B528100B13080 /* Beta */ = {
			isa = XCBuildConfiguration;
			buildSettings = {
				ASSETCATALOG_COMPILER_GENERATE_SWIFT_ASSET_SYMBOL_EXTENSIONS = YES;
				CLANG_CXX_LANGUAGE_STANDARD = "gnu++20";
				CODE_SIGN_STYLE = Automatic;
				CURRENT_PROJECT_VERSION = 1;
				ENABLE_USER_SCRIPT_SANDBOXING = YES;
				GCC_C_LANGUAGE_STANDARD = gnu17;
				GENERATE_INFOPLIST_FILE = YES;
				IPHONEOS_DEPLOYMENT_TARGET = 16.0;
				LOCALIZATION_PREFERS_STRING_CATALOGS = YES;
				MARKETING_VERSION = 1.0;
				PRODUCT_BUNDLE_IDENTIFIER = orgIdentifier.iosApp.iosAppUITests;
				PRODUCT_NAME = "$(TARGET_NAME)";
				SWIFT_EMIT_LOC_STRINGS = NO;
				SWIFT_VERSION = 5.0;
				TARGETED_DEVICE_FAMILY = "1,2";
				TEST_TARGET_NAME = iosApp;
			};
			name = Beta;
		};
		F4820AC82B0B528100B13080 /* Release */ = {
			isa = XCBuildConfiguration;
			buildSettings = {
				ASSETCATALOG_COMPILER_GENERATE_SWIFT_ASSET_SYMBOL_EXTENSIONS = YES;
				CLANG_CXX_LANGUAGE_STANDARD = "gnu++20";
				CODE_SIGN_STYLE = Automatic;
				CURRENT_PROJECT_VERSION = 1;
				ENABLE_USER_SCRIPT_SANDBOXING = YES;
				GCC_C_LANGUAGE_STANDARD = gnu17;
				GENERATE_INFOPLIST_FILE = YES;
				IPHONEOS_DEPLOYMENT_TARGET = 16.0;
				LOCALIZATION_PREFERS_STRING_CATALOGS = YES;
				MARKETING_VERSION = 1.0;
				PRODUCT_BUNDLE_IDENTIFIER = orgIdentifier.iosApp.iosAppUITests;
				PRODUCT_NAME = "$(TARGET_NAME)";
				SWIFT_EMIT_LOC_STRINGS = NO;
				SWIFT_VERSION = 5.0;
				TARGETED_DEVICE_FAMILY = "1,2";
				TEST_TARGET_NAME = iosApp;
			};
			name = Release;
		};
/* End XCBuildConfiguration section */

/* Begin XCConfigurationList section */
		11B4EDFE2D83026500D775CC /* Build configuration list for PBXLegacyTarget "Build KMP" */ = {
			isa = XCConfigurationList;
			buildConfigurations = (
				11B4EDFB2D83026500D775CC /* Debug */,
				11B4EDFC2D83026500D775CC /* Beta */,
				11B4EDFD2D83026500D775CC /* Release */,
			);
			defaultConfigurationIsVisible = 0;
			defaultConfigurationName = Release;
		};
		7555FF76242A565900829871 /* Build configuration list for PBXProject "iosApp" */ = {
			isa = XCConfigurationList;
			buildConfigurations = (
				7555FFA3242A565B00829871 /* Debug */,
				F4820A962B06598100B13080 /* Beta */,
				7555FFA4242A565B00829871 /* Release */,
			);
			defaultConfigurationIsVisible = 0;
			defaultConfigurationName = Release;
		};
		7555FFA5242A565B00829871 /* Build configuration list for PBXNativeTarget "iosApp" */ = {
			isa = XCConfigurationList;
			buildConfigurations = (
				7555FFA6242A565B00829871 /* Debug */,
				F4820A972B06598100B13080 /* Beta */,
				7555FFA7242A565B00829871 /* Release */,
			);
			defaultConfigurationIsVisible = 0;
			defaultConfigurationName = Release;
		};
		F4820AB22B0B4D6E00B13080 /* Build configuration list for PBXNativeTarget "iosAppTests" */ = {
			isa = XCConfigurationList;
			buildConfigurations = (
				F4820AB32B0B4D6E00B13080 /* Debug */,
				F4820AB42B0B4D6E00B13080 /* Beta */,
				F4820AB52B0B4D6E00B13080 /* Release */,
			);
			defaultConfigurationIsVisible = 0;
			defaultConfigurationName = Release;
		};
		F4820AC52B0B528100B13080 /* Build configuration list for PBXNativeTarget "iosAppUITests" */ = {
			isa = XCConfigurationList;
			buildConfigurations = (
				F4820AC62B0B528100B13080 /* Debug */,
				F4820AC72B0B528100B13080 /* Beta */,
				F4820AC82B0B528100B13080 /* Release */,
			);
			defaultConfigurationIsVisible = 0;
			defaultConfigurationName = Release;
		};
/* End XCConfigurationList section */

/* Begin XCLocalSwiftPackageReference section */
		11B83C212D79C062007D03F7 /* XCLocalSwiftPackageReference "shared/KMP" */ = {
			isa = XCLocalSwiftPackageReference;
			relativePath = shared/KMP;
		};
/* End XCLocalSwiftPackageReference section */

/* Begin XCSwiftPackageProductDependency section */
		11B83C222D79C075007D03F7 /* KMP */ = {
			isa = XCSwiftPackageProductDependency;
			package = 11B83C212D79C062007D03F7 /* XCLocalSwiftPackageReference "shared/KMP" */;
			productName = KMP;
		};
/* End XCSwiftPackageProductDependency section */
	};
	rootObject = 7555FF73242A565900829871 /* Project object */;
}
